
Microsoft Visual Studio Solution File, Format Version 12.00
# Visual Studio Version 17
VisualStudioVersion = 17.0.31521.260
MinimumVisualStudioVersion = 10.0.40219.1
Project("{FAE04EC0-301F-11D3-BF4B-00C04F79EFBC}") = "trialproj", "trialproj.csproj", "{66D9438C-AC0C-4EF6-9A11-51E2B877BE14}"
EndProject
Global
	GlobalSection(SolutionConfigurationPlatforms) = preSolution
		Debug|Any CPU = Debug|Any CPU
		Release|Any CPU = Release|Any CPU
	EndGlobalSection
	GlobalSection(ProjectConfigurationPlatforms) = postSolution
		{66D9438C-AC0C-4EF6-9A11-51E2B877BE14}.Debug|Any CPU.ActiveCfg = Debug|Any CPU
		{66D9438C-AC0C-4EF6-9A11-51E2B877BE14}.Debug|Any CPU.Build.0 = Debug|Any CPU
		{66D9438C-AC0C-4EF6-9A11-51E2B877BE14}.Release|Any CPU.ActiveCfg = Release|Any CPU
		{66D9438C-AC0C-4EF6-9A11-51E2B877BE14}.Release|Any CPU.Build.0 = Release|Any CPU
	EndGlobalSection
	GlobalSection(SolutionProperties) = preSolution
		HideSolutionNode = FALSE
	EndGlobalSection
	GlobalSection(ExtensibilityGlobals) = postSolution
		SolutionGuid = {98DDDA6D-04CA-4840-81A2-29EB67CB30E3}
	EndGlobalSection
EndGlobal
